{
  "name": "supertest-allure-step-helper",
  "version": "1.0.0",
  "lockfileVersion": 1,
  "requires": true,
  "dependencies": {
    "@testdeck/core": {
      "version": "0.1.2",
      "resolved": "https://registry.npm.taobao.org/@testdeck/core/download/@testdeck/core-0.1.2.tgz",
      "integrity": "sha1-kIO2wNbKGYui/gPHLPBqUsL5+6k="
    },
    "@testdeck/mocha": {
      "version": "0.1.2",
      "resolved": "https://registry.npm.taobao.org/@testdeck/mocha/download/@testdeck/mocha-0.1.2.tgz",
      "integrity": "sha1-X96aZ11OG2G8vTRAu42cuYSh+A0=",
      "requires": {
        "@testdeck/core": "^0.1.2"
      }
    },
    "@types/cookiejar": {
      "version": "2.1.2",
      "resolved": "https://registry.npm.taobao.org/@types/cookiejar/download/@types/cookiejar-2.1.2.tgz",
      "integrity": "sha1-Zq2TMfY/6KPT2djG45Bt0Q9kRug=",
      "dev": true
    },
    "@types/node": {
      "version": "14.14.28",
      "resolved": "https://registry.npm.taobao.org/@types/node/download/@types/node-14.14.28.tgz?cache=0&sync_timestamp=1613331197140&other_urls=https%3A%2F%2Fregistry.npm.taobao.org%2F%40types%2Fnode%2Fdownload%2F%40types%2Fnode-14.14.28.tgz",
      "integrity": "sha1-yt5LZPhDj1iJUaazWEPOU2hT8ls=",
      "dev": true
    },
    "@types/superagent": {
      "version": "4.1.10",
      "resolved": "https://registry.npm.taobao.org/@types/superagent/download/@types/superagent-4.1.10.tgz?cache=0&sync_timestamp=1613385638041&other_urls=https%3A%2F%2Fregistry.npm.taobao.org%2F%40types%2Fsuperagent%2Fdownload%2F%40types%2Fsuperagent-4.1.10.tgz",
      "integrity": "sha1-XizHIe31j2T+m4GfMm7nSAOt7oY=",
      "dev": true,
      "requires": {
        "@types/cookiejar": "*",
        "@types/node": "*"
      }
    },
    "@types/supertest": {
      "version": "2.0.10",
      "resolved": "https://registry.npm.taobao.org/@types/supertest/download/@types/supertest-2.0.10.tgz?cache=0&sync_timestamp=1613385636552&other_urls=https%3A%2F%2Fregistry.npm.taobao.org%2F%40types%2Fsupertest%2Fdownload%2F%40types%2Fsupertest-2.0.10.tgz",
      "integrity": "sha1-Yw15tNgsc+BD5D/3d6nKmNRXyrc=",
      "dev": true,
      "requires": {
        "@types/superagent": "*"
      }
    },
    "allure-js-commons": {
      "version": "2.0.0-beta.7",
      "resolved": "https://registry.npm.taobao.org/allure-js-commons/download/allure-js-commons-2.0.0-beta.7.tgz",
      "integrity": "sha1-GoHKU6Z99dCtWiaxYb/NgJTAPII=",
      "requires": {
        "mkdirp": "^0.5.1",
        "properties": "^1.2.1",
        "uuid": "^7.0.2"
      }
    },
    "allure-mocha": {
      "version": "2.0.0-beta.7",
      "resolved": "https://registry.npm.taobao.org/allure-mocha/download/allure-mocha-2.0.0-beta.7.tgz",
      "integrity": "sha1-hQ71hcgdamfEeJ4nbeIweNT8ITo=",
      "requires": {
        "allure-js-commons": "^2.0.0-beta.7"
      }
    },
    "minimist": {
      "version": "1.2.5",
      "resolved": "https://registry.npm.taobao.org/minimist/download/minimist-1.2.5.tgz",
      "integrity": "sha1-Z9ZgFLZqaoqqDAg8X9WN9OTpdgI="
    },
    "mkdirp": {
      "version": "0.5.5",
      "resolved": "https://registry.npm.taobao.org/mkdirp/download/mkdirp-0.5.5.tgz?cache=0&other_urls=https%3A%2F%2Fregistry.npm.taobao.org%2Fmkdirp%2Fdownload%2Fmkdirp-0.5.5.tgz",
      "integrity": "sha1-2Rzv1i0UNsoPQWIOJRKI1CAJne8=",
      "requires": {
        "minimist": "^1.2.5"
      }
    },
    "properties": {
      "version": "1.2.1",
      "resolved": "https://registry.npm.taobao.org/properties/download/properties-1.2.1.tgz",
      "integrity": "sha1-Dul6f8AgsaKlW4ZZ7aSqjYaQlL0="
    },
    "ts-test-decorators": {
      "version": "0.0.6",
      "resolved": "https://registry.npm.taobao.org/ts-test-decorators/download/ts-test-decorators-0.0.6.tgz",
      "integrity": "sha1-CxuFvxR7V8xNKyneaUl05xIwaJc=",
      "requires": {
        "allure-js-commons": "2.0.0-beta.7"
      }
    },
    "tslib": {
      "version": "2.1.0",
      "resolved": "https://registry.npm.taobao.org/tslib/download/tslib-2.1.0.tgz?cache=0&sync_timestamp=1609887539329&other_urls=https%3A%2F%2Fregistry.npm.taobao.org%2Ftslib%2Fdownload%2Ftslib-2.1.0.tgz",
      "integrity": "sha1-2mCGDxwuyqVwOrfTm8Bba/mIuXo=",
      "dev": true
    },
    "typescript": {
      "version": "4.1.5",
      "resolved": "https://registry.npm.taobao.org/typescript/download/typescript-4.1.5.tgz?cache=0&sync_timestamp=1613373770938&other_urls=https%3A%2F%2Fregistry.npm.taobao.org%2Ftypescript%2Fdownload%2Ftypescript-4.1.5.tgz",
      "integrity": "sha1-Ejo7IUqv874ykm8Njx9ucE64mnI=",
      "dev": true
    },
    "uuid": {
      "version": "7.0.3",
      "resolved": "https://registry.npm.taobao.org/uuid/download/uuid-7.0.3.tgz?cache=0&sync_timestamp=1607458532020&other_urls=https%3A%2F%2Fregistry.npm.taobao.org%2Fuuid%2Fdownload%2Fuuid-7.0.3.tgz",
      "integrity": "sha1-xcnyyM8l3Ao3LE3xRBxB9b0MaAs="
    }
  }
}
